PODS:
  - AFNetworking (3.1.0):
    - AFNetworking/NSURLSession (= 3.1.0)
    - AFNetworking/Reachability (= 3.1.0)
    - AFNetworking/Security (= 3.1.0)
    - AFNetworking/Serialization (= 3.1.0)
    - AFNetworking/UIKit (= 3.1.0)
  - AFNetworking/NSURLSession (3.1.0):
    - AFNetworking/Reachability
    - AFNetworking/Security
    - AFNetworking/Serialization
  - AFNetworking/Reachability (3.1.0)
  - AFNetworking/Security (3.1.0)
  - AFNetworking/Serialization (3.1.0)
  - AFNetworking/UIKit (3.1.0):
    - AFNetworking/NSURLSession
  - Filestack (0.3.9):
    - AFNetworking (~> 3.0)
  - FSPicker (1.1.7):
    - Filestack

DEPENDENCIES:
  - FSPicker (= 1.1.7)

SPEC CHECKSUMS:
  AFNetworking: 5e0e199f73d8626b11e79750991f5d173d1f8b67
  Filestack: bcb024946aae878c8ec1f1624e76eae7c9c4f37e
  FSPicker: 0b59d2b1551b50b063171cff9c331904edaed50f

PODFILE CHECKSUM: 2521c5a4da392d2c496ca2536119a6d5e452abe0

COCOAPODS: 1.3.1
